// !$*UTF8*$!
{
	archiveVersion = 1;
	classes = {
	};
	objectVersion = 56;
	objects = {

/* Begin PBXBuildFile section */
		8B8D7CC029513C7800FDCD74 /* USA_SpendingApp.swift in Sources */ = {isa = PBXBuildFile; fileRef = 8B8D7CBF29513C7800FDCD74 /* USA_SpendingApp.swift */; };
		8B8D7CC229513C7800FDCD74 /* ContentView.swift in Sources */ = {isa = PBXBuildFile; fileRef = 8B8D7CC129513C7800FDCD74 /* ContentView.swift */; };
		8B8D7CC429513C7900FDCD74 /* Assets.xcassets in Resources */ = {isa = PBXBuildFile; fileRef = 8B8D7CC329513C7900FDCD74 /* Assets.xcassets */; };
		8B8D7CC729513C7900FDCD74 /* Preview Assets.xcassets in Resources */ = {isa = PBXBuildFile; fileRef = 8B8D7CC629513C7900FDCD74 /* Preview Assets.xcassets */; };
		8B8D7CD229513C7900FDCD74 /* USA_SpendingTests.swift in Sources */ = {isa = PBXBuildFile; fileRef = 8B8D7CD129513C7900FDCD74 /* USA_SpendingTests.swift */; };
		8B8D7CDC29513C7900FDCD74 /* USA_SpendingUITests.swift in Sources */ = {isa = PBXBuildFile; fileRef = 8B8D7CDB29513C7900FDCD74 /* USA_SpendingUITests.swift */; };
		8B8D7CDE29513C7900FDCD74 /* USA_SpendingUITestsLaunchTests.swift in Sources */ = {isa = PBXBuildFile; fileRef = 8B8D7CDD29513C7900FDCD74 /* USA_SpendingUITestsLaunchTests.swift */; };
		8B8D7CEC29513D7100FDCD74 /* AgencyOverview.swift in Sources */ = {isa = PBXBuildFile; fileRef = 8B8D7CEB29513D7100FDCD74 /* AgencyOverview.swift */; };
		8B8D7CEE2951403900FDCD74 /* Awards.swift in Sources */ = {isa = PBXBuildFile; fileRef = 8B8D7CED2951403900FDCD74 /* Awards.swift */; };
		8B8D7CF0295140E600FDCD74 /* NewAwardCount.swift in Sources */ = {isa = PBXBuildFile; fileRef = 8B8D7CEF295140E600FDCD74 /* NewAwardCount.swift */; };
		8B8D7CF3295141C300FDCD74 /* DEFC.swift in Sources */ = {isa = PBXBuildFile; fileRef = 8B8D7CF2295141C300FDCD74 /* DEFC.swift */; };
		8B8D7CF72951473500FDCD74 /* AwardTypes.swift in Sources */ = {isa = PBXBuildFile; fileRef = 8B8D7CF62951473500FDCD74 /* AwardTypes.swift */; };
		8B8D7CF929514BCD00FDCD74 /* BudgetFunctionList.swift in Sources */ = {isa = PBXBuildFile; fileRef = 8B8D7CF829514BCD00FDCD74 /* BudgetFunctionList.swift */; };
		8B8D7CFB29514C2E00FDCD74 /* PageMetadata.swift in Sources */ = {isa = PBXBuildFile; fileRef = 8B8D7CFA29514C2E00FDCD74 /* PageMetadata.swift */; };
		8B8D7CFD29514C9A00FDCD74 /* BudgetFunction.swift in Sources */ = {isa = PBXBuildFile; fileRef = 8B8D7CFC29514C9A00FDCD74 /* BudgetFunction.swift */; };
		8B8D7D0229514E3100FDCD74 /* BudgetFunctionCount.swift in Sources */ = {isa = PBXBuildFile; fileRef = 8B8D7D0129514E3100FDCD74 /* BudgetFunctionCount.swift */; };
		8B8D7D0429514FA200FDCD74 /* BudgetaryResources.swift in Sources */ = {isa = PBXBuildFile; fileRef = 8B8D7D0329514FA200FDCD74 /* BudgetaryResources.swift */; };
		8B8D7D0629514FF800FDCD74 /* AgencyData.swift in Sources */ = {isa = PBXBuildFile; fileRef = 8B8D7D0529514FF800FDCD74 /* AgencyData.swift */; };
		8B8D7D082951512F00FDCD74 /* ObligationAndPeriod.swift in Sources */ = {isa = PBXBuildFile; fileRef = 8B8D7D072951512F00FDCD74 /* ObligationAndPeriod.swift */; };
		8B8D7D0A295151B500FDCD74 /* FederalAccountList.swift in Sources */ = {isa = PBXBuildFile; fileRef = 8B8D7D09295151B500FDCD74 /* FederalAccountList.swift */; };
		8B8D7D0C295154C800FDCD74 /* FederalAccount.swift in Sources */ = {isa = PBXBuildFile; fileRef = 8B8D7D0B295154C800FDCD74 /* FederalAccount.swift */; };
		8B8D7D0E295155AB00FDCD74 /* TreasuryAccount.swift in Sources */ = {isa = PBXBuildFile; fileRef = 8B8D7D0D295155AB00FDCD74 /* TreasuryAccount.swift */; };
		8B8D7D102951568C00FDCD74 /* Totals.swift in Sources */ = {isa = PBXBuildFile; fileRef = 8B8D7D0F2951568C00FDCD74 /* Totals.swift */; };
		8B8D7D122951574C00FDCD74 /* FederalAccountCount.swift in Sources */ = {isa = PBXBuildFile; fileRef = 8B8D7D112951574C00FDCD74 /* FederalAccountCount.swift */; };
		8B8D7D1429515C0900FDCD74 /* ObjectClassList.swift in Sources */ = {isa = PBXBuildFile; fileRef = 8B8D7D1329515C0900FDCD74 /* ObjectClassList.swift */; };
		8B8D7D1629515C2600FDCD74 /* ObjectClass.swift in Sources */ = {isa = PBXBuildFile; fileRef = 8B8D7D1529515C2600FDCD74 /* ObjectClass.swift */; };
		8B8D7D1829515C6500FDCD74 /* MajorObjectClass.swift in Sources */ = {isa = PBXBuildFile; fileRef = 8B8D7D1729515C6500FDCD74 /* MajorObjectClass.swift */; };
		8B8D7D1A29515E9800FDCD74 /* ObjectClassCount.swift in Sources */ = {isa = PBXBuildFile; fileRef = 8B8D7D1929515E9800FDCD74 /* ObjectClassCount.swift */; };
		8B8D7D1C29515F2D00FDCD74 /* ObligationsByAwardCategory.swift in Sources */ = {isa = PBXBuildFile; fileRef = 8B8D7D1B29515F2D00FDCD74 /* ObligationsByAwardCategory.swift */; };
		8B8D7D1E29515FD000FDCD74 /* ObligationSubtotals.swift in Sources */ = {isa = PBXBuildFile; fileRef = 8B8D7D1D29515FD000FDCD74 /* ObligationSubtotals.swift */; };
		8B8D7D202951602700FDCD74 /* Category.swift in Sources */ = {isa = PBXBuildFile; fileRef = 8B8D7D1F2951602700FDCD74 /* Category.swift */; };
		8B8D7D222951633500FDCD74 /* ProgramActivityList.swift in Sources */ = {isa = PBXBuildFile; fileRef = 8B8D7D212951633500FDCD74 /* ProgramActivityList.swift */; };
/* End PBXBuildFile section */

/* Begin PBXContainerItemProxy section */
		8B8D7CCE29513C7900FDCD74 /* PBXContainerItemProxy */ = {
			isa = PBXContainerItemProxy;
			containerPortal = 8B8D7CB429513C7800FDCD74 /* Project object */;
			proxyType = 1;
			remoteGlobalIDString = 8B8D7CBB29513C7800FDCD74;
			remoteInfo = "USA Spending";
		};
		8B8D7CD829513C7900FDCD74 /* PBXContainerItemProxy */ = {
			isa = PBXContainerItemProxy;
			containerPortal = 8B8D7CB429513C7800FDCD74 /* Project object */;
			proxyType = 1;
			remoteGlobalIDString = 8B8D7CBB29513C7800FDCD74;
			remoteInfo = "USA Spending";
		};
/* End PBXContainerItemProxy section */

/* Begin PBXFileReference section */
		8B8D7CBC29513C7800FDCD74 /* USA Spending.app */ = {isa = PBXFileReference; explicitFileType = wrapper.application; includeInIndex = 0; path = "USA Spending.app"; sourceTree = BUILT_PRODUCTS_DIR; };
		8B8D7CBF29513C7800FDCD74 /* USA_SpendingApp.swift */ = {isa = PBXFileReference; lastKnownFileType = sourcecode.swift; path = USA_SpendingApp.swift; sourceTree = "<group>"; };
		8B8D7CC129513C7800FDCD74 /* ContentView.swift */ = {isa = PBXFileReference; lastKnownFileType = sourcecode.swift; path = ContentView.swift; sourceTree = "<group>"; };
		8B8D7CC329513C7900FDCD74 /* Assets.xcassets */ = {isa = PBXFileReference; lastKnownFileType = folder.assetcatalog; path = Assets.xcassets; sourceTree = "<group>"; };
		8B8D7CC629513C7900FDCD74 /* Preview Assets.xcassets */ = {isa = PBXFileReference; lastKnownFileType = folder.assetcatalog; path = "Preview Assets.xcassets"; sourceTree = "<group>"; };
		8B8D7CC829513C7900FDCD74 /* USA_Spending.entitlements */ = {isa = PBXFileReference; lastKnownFileType = text.plist.entitlements; path = USA_Spending.entitlements; sourceTree = "<group>"; };
		8B8D7CCD29513C7900FDCD74 /* USA SpendingTests.xctest */ = {isa = PBXFileReference; explicitFileType = wrapper.cfbundle; includeInIndex = 0; path = "USA SpendingTests.xctest"; sourceTree = BUILT_PRODUCTS_DIR; };
		8B8D7CD129513C7900FDCD74 /* USA_SpendingTests.swift */ = {isa = PBXFileReference; lastKnownFileType = sourcecode.swift; path = USA_SpendingTests.swift; sourceTree = "<group>"; };
		8B8D7CD729513C7900FDCD74 /* USA SpendingUITests.xctest */ = {isa = PBXFileReference; explicitFileType = wrapper.cfbundle; includeInIndex = 0; path = "USA SpendingUITests.xctest"; sourceTree = BUILT_PRODUCTS_DIR; };
		8B8D7CDB29513C7900FDCD74 /* USA_SpendingUITests.swift */ = {isa = PBXFileReference; lastKnownFileType = sourcecode.swift; path = USA_SpendingUITests.swift; sourceTree = "<group>"; };
		8B8D7CDD29513C7900FDCD74 /* USA_SpendingUITestsLaunchTests.swift */ = {isa = PBXFileReference; lastKnownFileType = sourcecode.swift; path = USA_SpendingUITestsLaunchTests.swift; sourceTree = "<group>"; };
		8B8D7CEB29513D7100FDCD74 /* AgencyOverview.swift */ = {isa = PBXFileReference; lastKnownFileType = sourcecode.swift; path = AgencyOverview.swift; sourceTree = "<group>"; };
		8B8D7CED2951403900FDCD74 /* Awards.swift */ = {isa = PBXFileReference; lastKnownFileType = sourcecode.swift; path = Awards.swift; sourceTree = "<group>"; };
		8B8D7CEF295140E600FDCD74 /* NewAwardCount.swift */ = {isa = PBXFileReference; lastKnownFileType = sourcecode.swift; path = NewAwardCount.swift; sourceTree = "<group>"; };
		8B8D7CF2295141C300FDCD74 /* DEFC.swift */ = {isa = PBXFileReference; lastKnownFileType = sourcecode.swift; path = DEFC.swift; sourceTree = "<group>"; };
		8B8D7CF62951473500FDCD74 /* AwardTypes.swift */ = {isa = PBXFileReference; lastKnownFileType = sourcecode.swift; path = AwardTypes.swift; sourceTree = "<group>"; };
		8B8D7CF829514BCD00FDCD74 /* BudgetFunctionList.swift */ = {isa = PBXFileReference; lastKnownFileType = sourcecode.swift; path = BudgetFunctionList.swift; sourceTree = "<group>"; };
		8B8D7CFA29514C2E00FDCD74 /* PageMetadata.swift */ = {isa = PBXFileReference; lastKnownFileType = sourcecode.swift; path = PageMetadata.swift; sourceTree = "<group>"; };
		8B8D7CFC29514C9A00FDCD74 /* BudgetFunction.swift */ = {isa = PBXFileReference; lastKnownFileType = sourcecode.swift; path = BudgetFunction.swift; sourceTree = "<group>"; };
		8B8D7D0129514E3100FDCD74 /* BudgetFunctionCount.swift */ = {isa = PBXFileReference; lastKnownFileType = sourcecode.swift; path = BudgetFunctionCount.swift; sourceTree = "<group>"; };
		8B8D7D0329514FA200FDCD74 /* BudgetaryResources.swift */ = {isa = PBXFileReference; lastKnownFileType = sourcecode.swift; path = BudgetaryResources.swift; sourceTree = "<group>"; };
		8B8D7D0529514FF800FDCD74 /* AgencyData.swift */ = {isa = PBXFileReference; lastKnownFileType = sourcecode.swift; path = AgencyData.swift; sourceTree = "<group>"; };
		8B8D7D072951512F00FDCD74 /* ObligationAndPeriod.swift */ = {isa = PBXFileReference; lastKnownFileType = sourcecode.swift; path = ObligationAndPeriod.swift; sourceTree = "<group>"; };
		8B8D7D09295151B500FDCD74 /* FederalAccountList.swift */ = {isa = PBXFileReference; lastKnownFileType = sourcecode.swift; path = FederalAccountList.swift; sourceTree = "<group>"; };
		8B8D7D0B295154C800FDCD74 /* FederalAccount.swift */ = {isa = PBXFileReference; lastKnownFileType = sourcecode.swift; path = FederalAccount.swift; sourceTree = "<group>"; };
		8B8D7D0D295155AB00FDCD74 /* TreasuryAccount.swift */ = {isa = PBXFileReference; lastKnownFileType = sourcecode.swift; path = TreasuryAccount.swift; sourceTree = "<group>"; };
		8B8D7D0F2951568C00FDCD74 /* Totals.swift */ = {isa = PBXFileReference; lastKnownFileType = sourcecode.swift; path = Totals.swift; sourceTree = "<group>"; };
		8B8D7D112951574C00FDCD74 /* FederalAccountCount.swift */ = {isa = PBXFileReference; lastKnownFileType = sourcecode.swift; path = FederalAccountCount.swift; sourceTree = "<group>"; };
		8B8D7D1329515C0900FDCD74 /* ObjectClassList.swift */ = {isa = PBXFileReference; lastKnownFileType = sourcecode.swift; path = ObjectClassList.swift; sourceTree = "<group>"; };
		8B8D7D1529515C2600FDCD74 /* ObjectClass.swift */ = {isa = PBXFileReference; lastKnownFileType = sourcecode.swift; path = ObjectClass.swift; sourceTree = "<group>"; };
		8B8D7D1729515C6500FDCD74 /* MajorObjectClass.swift */ = {isa = PBXFileReference; lastKnownFileType = sourcecode.swift; path = MajorObjectClass.swift; sourceTree = "<group>"; };
		8B8D7D1929515E9800FDCD74 /* ObjectClassCount.swift */ = {isa = PBXFileReference; lastKnownFileType = sourcecode.swift; path = ObjectClassCount.swift; sourceTree = "<group>"; };
		8B8D7D1B29515F2D00FDCD74 /* ObligationsByAwardCategory.swift */ = {isa = PBXFileReference; lastKnownFileType = sourcecode.swift; path = ObligationsByAwardCategory.swift; sourceTree = "<group>"; };
		8B8D7D1D29515FD000FDCD74 /* ObligationSubtotals.swift */ = {isa = PBXFileReference; lastKnownFileType = sourcecode.swift; path = ObligationSubtotals.swift; sourceTree = "<group>"; };
		8B8D7D1F2951602700FDCD74 /* Category.swift */ = {isa = PBXFileReference; lastKnownFileType = sourcecode.swift; path = Category.swift; sourceTree = "<group>"; };
		8B8D7D212951633500FDCD74 /* ProgramActivityList.swift */ = {isa = PBXFileReference; lastKnownFileType = sourcecode.swift; path = ProgramActivityList.swift; sourceTree = "<group>"; };
/* End PBXFileReference section */

/* Begin PBXFrameworksBuildPhase section */
		8B8D7CB929513C7800FDCD74 /* Frameworks */ = {
			isa = PBXFrameworksBuildPhase;
			buildActionMask = 2147483647;
			files = (
			);
			runOnlyForDeploymentPostprocessing = 0;
		};
		8B8D7CCA29513C7900FDCD74 /* Frameworks */ = {
			isa = PBXFrameworksBuildPhase;
			buildActionMask = 2147483647;
			files = (
			);
			runOnlyForDeploymentPostprocessing = 0;
		};
		8B8D7CD429513C7900FDCD74 /* Frameworks */ = {
			isa = PBXFrameworksBuildPhase;
			buildActionMask = 2147483647;
			files = (
			);
			runOnlyForDeploymentPostprocessing = 0;
		};
/* End PBXFrameworksBuildPhase section */

/* Begin PBXGroup section */
		8B8D7CB329513C7800FDCD74 = {
			isa = PBXGroup;
			children = (
				8B8D7CBE29513C7800FDCD74 /* USA Spending */,
				8B8D7CD029513C7900FDCD74 /* USA SpendingTests */,
				8B8D7CDA29513C7900FDCD74 /* USA SpendingUITests */,
				8B8D7CBD29513C7800FDCD74 /* Products */,
			);
			sourceTree = "<group>";
		};
		8B8D7CBD29513C7800FDCD74 /* Products */ = {
			isa = PBXGroup;
			children = (
				8B8D7CBC29513C7800FDCD74 /* USA Spending.app */,
				8B8D7CCD29513C7900FDCD74 /* USA SpendingTests.xctest */,
				8B8D7CD729513C7900FDCD74 /* USA SpendingUITests.xctest */,
			);
			name = Products;
			sourceTree = "<group>";
		};
		8B8D7CBE29513C7800FDCD74 /* USA Spending */ = {
			isa = PBXGroup;
			children = (
				8B8D7CEA29513D4100FDCD74 /* models */,
				8B8D7CBF29513C7800FDCD74 /* USA_SpendingApp.swift */,
				8B8D7CC129513C7800FDCD74 /* ContentView.swift */,
				8B8D7CC329513C7900FDCD74 /* Assets.xcassets */,
				8B8D7CC829513C7900FDCD74 /* USA_Spending.entitlements */,
				8B8D7CC529513C7900FDCD74 /* Preview Content */,
			);
			path = "USA Spending";
			sourceTree = "<group>";
		};
		8B8D7CC529513C7900FDCD74 /* Preview Content */ = {
			isa = PBXGroup;
			children = (
				8B8D7CC629513C7900FDCD74 /* Preview Assets.xcassets */,
			);
			path = "Preview Content";
			sourceTree = "<group>";
		};
		8B8D7CD029513C7900FDCD74 /* USA SpendingTests */ = {
			isa = PBXGroup;
			children = (
				8B8D7CD129513C7900FDCD74 /* USA_SpendingTests.swift */,
			);
			path = "USA SpendingTests";
			sourceTree = "<group>";
		};
		8B8D7CDA29513C7900FDCD74 /* USA SpendingUITests */ = {
			isa = PBXGroup;
			children = (
				8B8D7CDB29513C7900FDCD74 /* USA_SpendingUITests.swift */,
				8B8D7CDD29513C7900FDCD74 /* USA_SpendingUITestsLaunchTests.swift */,
			);
			path = "USA SpendingUITests";
			sourceTree = "<group>";
		};
		8B8D7CEA29513D4100FDCD74 /* models */ = {
			isa = PBXGroup;
			children = (
				8B8D7CF4295141D900FDCD74 /* Client */,
			);
			path = models;
			sourceTree = "<group>";
		};
		8B8D7CF12951416D00FDCD74 /* Responses */ = {
			isa = PBXGroup;
			children = (
				8B8D7CEB29513D7100FDCD74 /* AgencyOverview.swift */,
				8B8D7CED2951403900FDCD74 /* Awards.swift */,
				8B8D7CEF295140E600FDCD74 /* NewAwardCount.swift */,
				8B8D7CF829514BCD00FDCD74 /* BudgetFunctionList.swift */,
				8B8D7D0129514E3100FDCD74 /* BudgetFunctionCount.swift */,
				8B8D7D0329514FA200FDCD74 /* BudgetaryResources.swift */,
				8B8D7D09295151B500FDCD74 /* FederalAccountList.swift */,
				8B8D7D112951574C00FDCD74 /* FederalAccountCount.swift */,
				8B8D7D1329515C0900FDCD74 /* ObjectClassList.swift */,
				8B8D7D1929515E9800FDCD74 /* ObjectClassCount.swift */,
				8B8D7D1B29515F2D00FDCD74 /* ObligationsByAwardCategory.swift */,
				8B8D7D212951633500FDCD74 /* ProgramActivityList.swift */,
			);
			path = Responses;
			sourceTree = "<group>";
		};
		8B8D7CF4295141D900FDCD74 /* Client */ = {
			isa = PBXGroup;
			children = (
				8B8D7D0029514D9F00FDCD74 /* Components */,
				8B8D7CF12951416D00FDCD74 /* Responses */,
				8B8D7CF52951472800FDCD74 /* Enums */,
			);
			path = Client;
			sourceTree = "<group>";
		};
		8B8D7CF52951472800FDCD74 /* Enums */ = {
			isa = PBXGroup;
			children = (
				8B8D7CF62951473500FDCD74 /* AwardTypes.swift */,
				8B8D7D1F2951602700FDCD74 /* Category.swift */,
			);
			path = Enums;
			sourceTree = "<group>";
		};
		8B8D7D0029514D9F00FDCD74 /* Components */ = {
			isa = PBXGroup;
			children = (
				8B8D7CF2295141C300FDCD74 /* DEFC.swift */,
				8B8D7CFA29514C2E00FDCD74 /* PageMetadata.swift */,
				8B8D7CFC29514C9A00FDCD74 /* BudgetFunction.swift */,
				8B8D7D0529514FF800FDCD74 /* AgencyData.swift */,
				8B8D7D072951512F00FDCD74 /* ObligationAndPeriod.swift */,
				8B8D7D0B295154C800FDCD74 /* FederalAccount.swift */,
				8B8D7D0D295155AB00FDCD74 /* TreasuryAccount.swift */,
				8B8D7D0F2951568C00FDCD74 /* Totals.swift */,
				8B8D7D1529515C2600FDCD74 /* ObjectClass.swift */,
				8B8D7D1729515C6500FDCD74 /* MajorObjectClass.swift */,
				8B8D7D1D29515FD000FDCD74 /* ObligationSubtotals.swift */,
			);
			path = Components;
			sourceTree = "<group>";
		};
/* End PBXGroup section */

/* Begin PBXNativeTarget section */
		8B8D7CBB29513C7800FDCD74 /* USA Spending */ = {
			isa = PBXNativeTarget;
			buildConfigurationList = 8B8D7CE129513C7900FDCD74 /* Build configuration list for PBXNativeTarget "USA Spending" */;
			buildPhases = (
				8B8D7CB829513C7800FDCD74 /* Sources */,
				8B8D7CB929513C7800FDCD74 /* Frameworks */,
				8B8D7CBA29513C7800FDCD74 /* Resources */,
			);
			buildRules = (
			);
			dependencies = (
			);
			name = "USA Spending";
			productName = "USA Spending";
			productReference = 8B8D7CBC29513C7800FDCD74 /* USA Spending.app */;
			productType = "com.apple.product-type.application";
		};
		8B8D7CCC29513C7900FDCD74 /* USA SpendingTests */ = {
			isa = PBXNativeTarget;
			buildConfigurationList = 8B8D7CE429513C7900FDCD74 /* Build configuration list for PBXNativeTarget "USA SpendingTests" */;
			buildPhases = (
				8B8D7CC929513C7900FDCD74 /* Sources */,
				8B8D7CCA29513C7900FDCD74 /* Frameworks */,
				8B8D7CCB29513C7900FDCD74 /* Resources */,
			);
			buildRules = (
			);
			dependencies = (
				8B8D7CCF29513C7900FDCD74 /* PBXTargetDependency */,
			);
			name = "USA SpendingTests";
			productName = "USA SpendingTests";
			productReference = 8B8D7CCD29513C7900FDCD74 /* USA SpendingTests.xctest */;
			productType = "com.apple.product-type.bundle.unit-test";
		};
		8B8D7CD629513C7900FDCD74 /* USA SpendingUITests */ = {
			isa = PBXNativeTarget;
			buildConfigurationList = 8B8D7CE729513C7900FDCD74 /* Build configuration list for PBXNativeTarget "USA SpendingUITests" */;
			buildPhases = (
				8B8D7CD329513C7900FDCD74 /* Sources */,
				8B8D7CD429513C7900FDCD74 /* Frameworks */,
				8B8D7CD529513C7900FDCD74 /* Resources */,
			);
			buildRules = (
			);
			dependencies = (
				8B8D7CD929513C7900FDCD74 /* PBXTargetDependency */,
			);
			name = "USA SpendingUITests";
			productName = "USA SpendingUITests";
			productReference = 8B8D7CD729513C7900FDCD74 /* USA SpendingUITests.xctest */;
			productType = "com.apple.product-type.bundle.ui-testing";
		};
/* End PBXNativeTarget section */

/* Begin PBXProject section */
		8B8D7CB429513C7800FDCD74 /* Project object */ = {
			isa = PBXProject;
			attributes = {
				BuildIndependentTargetsInParallel = 1;
				LastSwiftUpdateCheck = 1420;
				LastUpgradeCheck = 1420;
				TargetAttributes = {
					8B8D7CBB29513C7800FDCD74 = {
						CreatedOnToolsVersion = 14.2;
					};
					8B8D7CCC29513C7900FDCD74 = {
						CreatedOnToolsVersion = 14.2;
						TestTargetID = 8B8D7CBB29513C7800FDCD74;
					};
					8B8D7CD629513C7900FDCD74 = {
						CreatedOnToolsVersion = 14.2;
						TestTargetID = 8B8D7CBB29513C7800FDCD74;
					};
				};
			};
			buildConfigurationList = 8B8D7CB729513C7800FDCD74 /* Build configuration list for PBXProject "USA Spending" */;
			compatibilityVersion = "Xcode 14.0";
			developmentRegion = en;
			hasScannedForEncodings = 0;
			knownRegions = (
				en,
				Base,
			);
			mainGroup = 8B8D7CB329513C7800FDCD74;
			productRefGroup = 8B8D7CBD29513C7800FDCD74 /* Products */;
			projectDirPath = "";
			projectRoot = "";
			targets = (
				8B8D7CBB29513C7800FDCD74 /* USA Spending */,
				8B8D7CCC29513C7900FDCD74 /* USA SpendingTests */,
				8B8D7CD629513C7900FDCD74 /* USA SpendingUITests */,
			);
		};
/* End PBXProject section */

/* Begin PBXResourcesBuildPhase section */
		8B8D7CBA29513C7800FDCD74 /* Resources */ = {
			isa = PBXResourcesBuildPhase;
			buildActionMask = 2147483647;
			files = (
				8B8D7CC729513C7900FDCD74 /* Preview Assets.xcassets in Resources */,
				8B8D7CC429513C7900FDCD74 /* Assets.xcassets in Resources */,
			);
			runOnlyForDeploymentPostprocessing = 0;
		};
		8B8D7CCB29513C7900FDCD74 /* Resources */ = {
			isa = PBXResourcesBuildPhase;
			buildActionMask = 2147483647;
			files = (
			);
			runOnlyForDeploymentPostprocessing = 0;
		};
		8B8D7CD529513C7900FDCD74 /* Resources */ = {
			isa = PBXResourcesBuildPhase;
			buildActionMask = 2147483647;
			files = (
			);
			runOnlyForDeploymentPostprocessing = 0;
		};
/* End PBXResourcesBuildPhase section */

/* Begin PBXSourcesBuildPhase section */
		8B8D7CB829513C7800FDCD74 /* Sources */ = {
			isa = PBXSourcesBuildPhase;
			buildActionMask = 2147483647;
			files = (
				8B8D7D102951568C00FDCD74 /* Totals.swift in Sources */,
				8B8D7D1629515C2600FDCD74 /* ObjectClass.swift in Sources */,
				8B8D7CF929514BCD00FDCD74 /* BudgetFunctionList.swift in Sources */,
				8B8D7CF0295140E600FDCD74 /* NewAwardCount.swift in Sources */,
				8B8D7D0E295155AB00FDCD74 /* TreasuryAccount.swift in Sources */,
				8B8D7D122951574C00FDCD74 /* FederalAccountCount.swift in Sources */,
				8B8D7CC229513C7800FDCD74 /* ContentView.swift in Sources */,
				8B8D7CF72951473500FDCD74 /* AwardTypes.swift in Sources */,
				8B8D7CEE2951403900FDCD74 /* Awards.swift in Sources */,
				8B8D7D202951602700FDCD74 /* Category.swift in Sources */,
				8B8D7CF3295141C300FDCD74 /* DEFC.swift in Sources */,
				8B8D7D082951512F00FDCD74 /* ObligationAndPeriod.swift in Sources */,
				8B8D7CFD29514C9A00FDCD74 /* BudgetFunction.swift in Sources */,
				8B8D7CC029513C7800FDCD74 /* USA_SpendingApp.swift in Sources */,
				8B8D7CFB29514C2E00FDCD74 /* PageMetadata.swift in Sources */,
				8B8D7D0429514FA200FDCD74 /* BudgetaryResources.swift in Sources */,
				8B8D7D0629514FF800FDCD74 /* AgencyData.swift in Sources */,
				8B8D7D1A29515E9800FDCD74 /* ObjectClassCount.swift in Sources */,
				8B8D7D1E29515FD000FDCD74 /* ObligationSubtotals.swift in Sources */,
				8B8D7D0A295151B500FDCD74 /* FederalAccountList.swift in Sources */,
				8B8D7CEC29513D7100FDCD74 /* AgencyOverview.swift in Sources */,
				8B8D7D222951633500FDCD74 /* ProgramActivityList.swift in Sources */,
				8B8D7D1429515C0900FDCD74 /* ObjectClassList.swift in Sources */,
				8B8D7D1C29515F2D00FDCD74 /* ObligationsByAwardCategory.swift in Sources */,
				8B8D7D0229514E3100FDCD74 /* BudgetFunctionCount.swift in Sources */,
				8B8D7D0C295154C800FDCD74 /* FederalAccount.swift in Sources */,
				8B8D7D1829515C6500FDCD74 /* MajorObjectClass.swift in Sources */,
			);
			runOnlyForDeploymentPostprocessing = 0;
		};
		8B8D7CC929513C7900FDCD74 /* Sources */ = {
			isa = PBXSourcesBuildPhase;
			buildActionMask = 2147483647;
			files = (
				8B8D7CD229513C7900FDCD74 /* USA_SpendingTests.swift in Sources */,
			);
			runOnlyForDeploymentPostprocessing = 0;
		};
		8B8D7CD329513C7900FDCD74 /* Sources */ = {
			isa = PBXSourcesBuildPhase;
			buildActionMask = 2147483647;
			files = (
				8B8D7CDE29513C7900FDCD74 /* USA_SpendingUITestsLaunchTests.swift in Sources */,
				8B8D7CDC29513C7900FDCD74 /* USA_SpendingUITests.swift in Sources */,
			);
			runOnlyForDeploymentPostprocessing = 0;
		};
/* End PBXSourcesBuildPhase section */

/* Begin PBXTargetDependency section */
		8B8D7CCF29513C7900FDCD74 /* PBXTargetDependency */ = {
			isa = PBXTargetDependency;
			target = 8B8D7CBB29513C7800FDCD74 /* USA Spending */;
			targetProxy = 8B8D7CCE29513C7900FDCD74 /* PBXContainerItemProxy */;
		};
		8B8D7CD929513C7900FDCD74 /* PBXTargetDependency */ = {
			isa = PBXTargetDependency;
			target = 8B8D7CBB29513C7800FDCD74 /* USA Spending */;
			targetProxy = 8B8D7CD829513C7900FDCD74 /* PBXContainerItemProxy */;
		};
/* End PBXTargetDependency section */

/* Begin XCBuildConfiguration section */
		8B8D7CDF29513C7900FDCD74 /* Debug */ = {
			isa = XCBuildConfiguration;
			buildSettings = {
				ALWAYS_SEARCH_USER_PATHS = NO;
				CLANG_ANALYZER_NONNULL = YES;
				CLANG_ANALYZER_NUMBER_OBJECT_CONVERSION = YES_AGGRESSIVE;
				CLANG_CXX_LANGUAGE_STANDARD = "gnu++20";
				CLANG_ENABLE_MODULES = YES;
				CLANG_ENABLE_OBJC_ARC = YES;
				CLANG_ENABLE_OBJC_WEAK = YES;
				CLANG_WARN_BLOCK_CAPTURE_AUTORELEASING = YES;
				CLANG_WARN_BOOL_CONVERSION = YES;
				CLANG_WARN_COMMA = YES;
				CLANG_WARN_CONSTANT_CONVERSION = YES;
				CLANG_WARN_DEPRECATED_OBJC_IMPLEMENTATIONS = YES;
				CLANG_WARN_DIRECT_OBJC_ISA_USAGE = YES_ERROR;
				CLANG_WARN_DOCUMENTATION_COMMENTS = YES;
				CLANG_WARN_EMPTY_BODY = YES;
				CLANG_WARN_ENUM_CONVERSION = YES;
				CLANG_WARN_INFINITE_RECURSION = YES;
				CLANG_WARN_INT_CONVERSION = YES;
				CLANG_WARN_NON_LITERAL_NULL_CONVERSION = YES;
				CLANG_WARN_OBJC_IMPLICIT_RETAIN_SELF = YES;
				CLANG_WARN_OBJC_LITERAL_CONVERSION = YES;
				CLANG_WARN_OBJC_ROOT_CLASS = YES_ERROR;
				CLANG_WARN_QUOTED_INCLUDE_IN_FRAMEWORK_HEADER = YES;
				CLANG_WARN_RANGE_LOOP_ANALYSIS = YES;
				CLANG_WARN_STRICT_PROTOTYPES = YES;
				CLANG_WARN_SUSPICIOUS_MOVE = YES;
				CLANG_WARN_UNGUARDED_AVAILABILITY = YES_AGGRESSIVE;
				CLANG_WARN_UNREACHABLE_CODE = YES;
				CLANG_WARN__DUPLICATE_METHOD_MATCH = YES;
				COPY_PHASE_STRIP = NO;
				DEBUG_INFORMATION_FORMAT = dwarf;
				ENABLE_STRICT_OBJC_MSGSEND = YES;
				ENABLE_TESTABILITY = YES;
				GCC_C_LANGUAGE_STANDARD = gnu11;
				GCC_DYNAMIC_NO_PIC = NO;
				GCC_NO_COMMON_BLOCKS = YES;
				GCC_OPTIMIZATION_LEVEL = 0;
				GCC_PREPROCESSOR_DEFINITIONS = (
					"DEBUG=1",
					"$(inherited)",
				);
				GCC_WARN_64_TO_32_BIT_CONVERSION = YES;
				GCC_WARN_ABOUT_RETURN_TYPE = YES_ERROR;
				GCC_WARN_UNDECLARED_SELECTOR = YES;
				GCC_WARN_UNINITIALIZED_AUTOS = YES_AGGRESSIVE;
				GCC_WARN_UNUSED_FUNCTION = YES;
				GCC_WARN_UNUSED_VARIABLE = YES;
				MACOSX_DEPLOYMENT_TARGET = 13.0;
				MTL_ENABLE_DEBUG_INFO = INCLUDE_SOURCE;
				MTL_FAST_MATH = YES;
				ONLY_ACTIVE_ARCH = YES;
				SDKROOT = macosx;
				SWIFT_ACTIVE_COMPILATION_CONDITIONS = DEBUG;
				SWIFT_OPTIMIZATION_LEVEL = "-Onone";
			};
			name = Debug;
		};
		8B8D7CE029513C7900FDCD74 /* Release */ = {
			isa = XCBuildConfiguration;
			buildSettings = {
				ALWAYS_SEARCH_USER_PATHS = NO;
				CLANG_ANALYZER_NONNULL = YES;
				CLANG_ANALYZER_NUMBER_OBJECT_CONVERSION = YES_AGGRESSIVE;
				CLANG_CXX_LANGUAGE_STANDARD = "gnu++20";
				CLANG_ENABLE_MODULES = YES;
				CLANG_ENABLE_OBJC_ARC = YES;
				CLANG_ENABLE_OBJC_WEAK = YES;
				CLANG_WARN_BLOCK_CAPTURE_AUTORELEASING = YES;
				CLANG_WARN_BOOL_CONVERSION = YES;
				CLANG_WARN_COMMA = YES;
				CLANG_WARN_CONSTANT_CONVERSION = YES;
				CLANG_WARN_DEPRECATED_OBJC_IMPLEMENTATIONS = YES;
				CLANG_WARN_DIRECT_OBJC_ISA_USAGE = YES_ERROR;
				CLANG_WARN_DOCUMENTATION_COMMENTS = YES;
				CLANG_WARN_EMPTY_BODY = YES;
				CLANG_WARN_ENUM_CONVERSION = YES;
				CLANG_WARN_INFINITE_RECURSION = YES;
				CLANG_WARN_INT_CONVERSION = YES;
				CLANG_WARN_NON_LITERAL_NULL_CONVERSION = YES;
				CLANG_WARN_OBJC_IMPLICIT_RETAIN_SELF = YES;
				CLANG_WARN_OBJC_LITERAL_CONVERSION = YES;
				CLANG_WARN_OBJC_ROOT_CLASS = YES_ERROR;
				CLANG_WARN_QUOTED_INCLUDE_IN_FRAMEWORK_HEADER = YES;
				CLANG_WARN_RANGE_LOOP_ANALYSIS = YES;
				CLANG_WARN_STRICT_PROTOTYPES = YES;
				CLANG_WARN_SUSPICIOUS_MOVE = YES;
				CLANG_WARN_UNGUARDED_AVAILABILITY = YES_AGGRESSIVE;
				CLANG_WARN_UNREACHABLE_CODE = YES;
				CLANG_WARN__DUPLICATE_METHOD_MATCH = YES;
				COPY_PHASE_STRIP = NO;
				DEBUG_INFORMATION_FORMAT = "dwarf-with-dsym";
				ENABLE_NS_ASSERTIONS = NO;
				ENABLE_STRICT_OBJC_MSGSEND = YES;
				GCC_C_LANGUAGE_STANDARD = gnu11;
				GCC_NO_COMMON_BLOCKS = YES;
				GCC_WARN_64_TO_32_BIT_CONVERSION = YES;
				GCC_WARN_ABOUT_RETURN_TYPE = YES_ERROR;
				GCC_WARN_UNDECLARED_SELECTOR = YES;
				GCC_WARN_UNINITIALIZED_AUTOS = YES_AGGRESSIVE;
				GCC_WARN_UNUSED_FUNCTION = YES;
				GCC_WARN_UNUSED_VARIABLE = YES;
				MACOSX_DEPLOYMENT_TARGET = 13.0;
				MTL_ENABLE_DEBUG_INFO = NO;
				MTL_FAST_MATH = YES;
				SDKROOT = macosx;
				SWIFT_COMPILATION_MODE = wholemodule;
				SWIFT_OPTIMIZATION_LEVEL = "-O";
			};
			name = Release;
		};
		8B8D7CE229513C7900FDCD74 /* Debug */ = {
			isa = XCBuildConfiguration;
			buildSettings = {
				ASSETCATALOG_COMPILER_APPICON_NAME = AppIcon;
				ASSETCATALOG_COMPILER_GLOBAL_ACCENT_COLOR_NAME = AccentColor;
				CODE_SIGN_ENTITLEMENTS = "USA Spending/USA_Spending.entitlements";
				CODE_SIGN_STYLE = Automatic;
				COMBINE_HIDPI_IMAGES = YES;
				CURRENT_PROJECT_VERSION = 1;
				DEVELOPMENT_ASSET_PATHS = "\"USA Spending/Preview Content\"";
				ENABLE_PREVIEWS = YES;
				GENERATE_INFOPLIST_FILE = YES;
				INFOPLIST_KEY_NSHumanReadableCopyright = "";
				LD_RUNPATH_SEARCH_PATHS = (
					"$(inherited)",
					"@executable_path/../Frameworks",
				);
				MARKETING_VERSION = 1.0;
				PRODUCT_BUNDLE_IDENTIFIER = "com.thepotatoprogrammer.USA-Spending";
				PRODUCT_NAME = "$(TARGET_NAME)";
				SWIFT_EMIT_LOC_STRINGS = YES;
				SWIFT_VERSION = 5.0;
			};
			name = Debug;
		};
		8B8D7CE329513C7900FDCD74 /* Release */ = {
			isa = XCBuildConfiguration;
			buildSettings = {
				ASSETCATALOG_COMPILER_APPICON_NAME = AppIcon;
				ASSETCATALOG_COMPILER_GLOBAL_ACCENT_COLOR_NAME = AccentColor;
				CODE_SIGN_ENTITLEMENTS = "USA Spending/USA_Spending.entitlements";
				CODE_SIGN_STYLE = Automatic;
				COMBINE_HIDPI_IMAGES = YES;
				CURRENT_PROJECT_VERSION = 1;
				DEVELOPMENT_ASSET_PATHS = "\"USA Spending/Preview Content\"";
				ENABLE_PREVIEWS = YES;
				GENERATE_INFOPLIST_FILE = YES;
				INFOPLIST_KEY_NSHumanReadableCopyright = "";
				LD_RUNPATH_SEARCH_PATHS = (
					"$(inherited)",
					"@executable_path/../Frameworks",
				);
				MARKETING_VERSION = 1.0;
				PRODUCT_BUNDLE_IDENTIFIER = "com.thepotatoprogrammer.USA-Spending";
				PRODUCT_NAME = "$(TARGET_NAME)";
				SWIFT_EMIT_LOC_STRINGS = YES;
				SWIFT_VERSION = 5.0;
			};
			name = Release;
		};
		8B8D7CE529513C7900FDCD74 /* Debug */ = {
			isa = XCBuildConfiguration;
			buildSettings = {
				ALWAYS_EMBED_SWIFT_STANDARD_LIBRARIES = YES;
				BUNDLE_LOADER = "$(TEST_HOST)";
				CODE_SIGN_STYLE = Automatic;
				CURRENT_PROJECT_VERSION = 1;
				GENERATE_INFOPLIST_FILE = YES;
				MACOSX_DEPLOYMENT_TARGET = 13.0;
				MARKETING_VERSION = 1.0;
				PRODUCT_BUNDLE_IDENTIFIER = "com.thepotatoprogrammer.USA-SpendingTests";
				PRODUCT_NAME = "$(TARGET_NAME)";
				SWIFT_EMIT_LOC_STRINGS = NO;
				SWIFT_VERSION = 5.0;
				TEST_HOST = "$(BUILT_PRODUCTS_DIR)/USA Spending.app/$(BUNDLE_EXECUTABLE_FOLDER_PATH)/USA Spending";
			};
			name = Debug;
		};
		8B8D7CE629513C7900FDCD74 /* Release */ = {
			isa = XCBuildConfiguration;
			buildSettings = {
				ALWAYS_EMBED_SWIFT_STANDARD_LIBRARIES = YES;
				BUNDLE_LOADER = "$(TEST_HOST)";
				CODE_SIGN_STYLE = Automatic;
				CURRENT_PROJECT_VERSION = 1;
				GENERATE_INFOPLIST_FILE = YES;
				MACOSX_DEPLOYMENT_TARGET = 13.0;
				MARKETING_VERSION = 1.0;
				PRODUCT_BUNDLE_IDENTIFIER = "com.thepotatoprogrammer.USA-SpendingTests";
				PRODUCT_NAME = "$(TARGET_NAME)";
				SWIFT_EMIT_LOC_STRINGS = NO;
				SWIFT_VERSION = 5.0;
				TEST_HOST = "$(BUILT_PRODUCTS_DIR)/USA Spending.app/$(BUNDLE_EXECUTABLE_FOLDER_PATH)/USA Spending";
			};
			name = Release;
		};
		8B8D7CE829513C7900FDCD74 /* Debug */ = {
			isa = XCBuildConfiguration;
			buildSettings = {
				ALWAYS_EMBED_SWIFT_STANDARD_LIBRARIES = YES;
				CODE_SIGN_STYLE = Automatic;
				CURRENT_PROJECT_VERSION = 1;
				GENERATE_INFOPLIST_FILE = YES;
				MARKETING_VERSION = 1.0;
				PRODUCT_BUNDLE_IDENTIFIER = "com.thepotatoprogrammer.USA-SpendingUITests";
				PRODUCT_NAME = "$(TARGET_NAME)";
				SWIFT_EMIT_LOC_STRINGS = NO;
				SWIFT_VERSION = 5.0;
				TEST_TARGET_NAME = "USA Spending";
			};
			name = Debug;
		};
		8B8D7CE929513C7900FDCD74 /* Release */ = {
			isa = XCBuildConfiguration;
			buildSettings = {
				ALWAYS_EMBED_SWIFT_STANDARD_LIBRARIES = YES;
				CODE_SIGN_STYLE = Automatic;
				CURRENT_PROJECT_VERSION = 1;
				GENERATE_INFOPLIST_FILE = YES;
				MARKETING_VERSION = 1.0;
				PRODUCT_BUNDLE_IDENTIFIER = "com.thepotatoprogrammer.USA-SpendingUITests";
				PRODUCT_NAME = "$(TARGET_NAME)";
				SWIFT_EMIT_LOC_STRINGS = NO;
				SWIFT_VERSION = 5.0;
				TEST_TARGET_NAME = "USA Spending";
			};
			name = Release;
		};
/* End XCBuildConfiguration section */

/* Begin XCConfigurationList section */
		8B8D7CB729513C7800FDCD74 /* Build configuration list for PBXProject "USA Spending" */ = {
			isa = XCConfigurationList;
			buildConfigurations = (
				8B8D7CDF29513C7900FDCD74 /* Debug */,
				8B8D7CE029513C7900FDCD74 /* Release */,
			);
			defaultConfigurationIsVisible = 0;
			defaultConfigurationName = Release;
		};
		8B8D7CE129513C7900FDCD74 /* Build configuration list for PBXNativeTarget "USA Spending" */ = {
			isa = XCConfigurationList;
			buildConfigurations = (
				8B8D7CE229513C7900FDCD74 /* Debug */,
				8B8D7CE329513C7900FDCD74 /* Release */,
			);
			defaultConfigurationIsVisible = 0;
			defaultConfigurationName = Release;
		};
		8B8D7CE429513C7900FDCD74 /* Build configuration list for PBXNativeTarget "USA SpendingTests" */ = {
			isa = XCConfigurationList;
			buildConfigurations = (
				8B8D7CE529513C7900FDCD74 /* Debug */,
				8B8D7CE629513C7900FDCD74 /* Release */,
			);
			defaultConfigurationIsVisible = 0;
			defaultConfigurationName = Release;
		};
		8B8D7CE729513C7900FDCD74 /* Build configuration list for PBXNativeTarget "USA SpendingUITests" */ = {
			isa = XCConfigurationList;
			buildConfigurations = (
				8B8D7CE829513C7900FDCD74 /* Debug */,
				8B8D7CE929513C7900FDCD74 /* Release */,
			);
			defaultConfigurationIsVisible = 0;
			defaultConfigurationName = Release;
		};
/* End XCConfigurationList section */
	};
	rootObject = 8B8D7CB429513C7800FDCD74 /* Project object */;
}
